// !$*UTF8*$!
{
	archiveVersion = 1;
	classes = {
	};
	objectVersion = 56;
	objects = {

/* Begin PBXBuildFile section */
		98BA3C6C2920E606006D16DC /* ReadMeApp.swift in Sources */ = {isa = PBXBuildFile; fileRef = 98BA3C6B2920E606006D16DC /* ReadMeApp.swift */; };
		98BA3C6E2920E606006D16DC /* ContentView.swift in Sources */ = {isa = PBXBuildFile; fileRef = 98BA3C6D2920E606006D16DC /* ContentView.swift */; };
		98BA3C702920E606006D16DC /* Assets.xcassets in Resources */ = {isa = PBXBuildFile; fileRef = 98BA3C6F2920E606006D16DC /* Assets.xcassets */; };
		98BA3C732920E606006D16DC /* Preview Assets.xcassets in Resources */ = {isa = PBXBuildFile; fileRef = 98BA3C722920E606006D16DC /* Preview Assets.xcassets */; };
		98BA3C7D2920E763006D16DC /* Book.swift in Sources */ = {isa = PBXBuildFile; fileRef = 98BA3C7C2920E763006D16DC /* Book.swift */; };
		98BA3C7F2920E84A006D16DC /* Book views.swift in Sources */ = {isa = PBXBuildFile; fileRef = 98BA3C7E2920E84A006D16DC /* Book views.swift */; };
		98BA3C832920F304006D16DC /* Library.swift in Sources */ = {isa = PBXBuildFile; fileRef = 98BA3C822920F304006D16DC /* Library.swift */; };
		98BA3C852920F735006D16DC /* DetailView.swift in Sources */ = {isa = PBXBuildFile; fileRef = 98BA3C842920F735006D16DC /* DetailView.swift */; };
		98BA3C892921186A006D16DC /* PhotoPickerView.swift in Sources */ = {isa = PBXBuildFile; fileRef = 98BA3C882921186A006D16DC /* PhotoPickerView.swift */; };
		98BA3C8B29214E0A006D16DC /* AddBookView.swift in Sources */ = {isa = PBXBuildFile; fileRef = 98BA3C8A29214E0A006D16DC /* AddBookView.swift */; };
		98BA3C8D2921512B006D16DC /* ReviewImageView.swift in Sources */ = {isa = PBXBuildFile; fileRef = 98BA3C8C2921512B006D16DC /* ReviewImageView.swift */; };
/* End PBXBuildFile section */

/* Begin PBXFileReference section */
		98BA3C682920E606006D16DC /* ReadMe.app */ = {isa = PBXFileReference; explicitFileType = wrapper.application; includeInIndex = 0; path = ReadMe.app; sourceTree = BUILT_PRODUCTS_DIR; };
		98BA3C6B2920E606006D16DC /* ReadMeApp.swift */ = {isa = PBXFileReference; lastKnownFileType = sourcecode.swift; path = ReadMeApp.swift; sourceTree = "<group>"; };
		98BA3C6D2920E606006D16DC /* ContentView.swift */ = {isa = PBXFileReference; lastKnownFileType = sourcecode.swift; path = ContentView.swift; sourceTree = "<group>"; };
		98BA3C6F2920E606006D16DC /* Assets.xcassets */ = {isa = PBXFileReference; lastKnownFileType = folder.assetcatalog; path = Assets.xcassets; sourceTree = "<group>"; };
		98BA3C722920E606006D16DC /* Preview Assets.xcassets */ = {isa = PBXFileReference; lastKnownFileType = folder.assetcatalog; path = "Preview Assets.xcassets"; sourceTree = "<group>"; };
		98BA3C7C2920E763006D16DC /* Book.swift */ = {isa = PBXFileReference; lastKnownFileType = sourcecode.swift; path = Book.swift; sourceTree = "<group>"; };
		98BA3C7E2920E84A006D16DC /* Book views.swift */ = {isa = PBXFileReference; lastKnownFileType = sourcecode.swift; path = "Book views.swift"; sourceTree = "<group>"; };
		98BA3C822920F304006D16DC /* Library.swift */ = {isa = PBXFileReference; fileEncoding = 4; lastKnownFileType = sourcecode.swift; path = Library.swift; sourceTree = "<group>"; };
		98BA3C842920F735006D16DC /* DetailView.swift */ = {isa = PBXFileReference; lastKnownFileType = sourcecode.swift; path = DetailView.swift; sourceTree = "<group>"; };
		98BA3C882921186A006D16DC /* PhotoPickerView.swift */ = {isa = PBXFileReference; lastKnownFileType = sourcecode.swift; path = PhotoPickerView.swift; sourceTree = "<group>"; };
		98BA3C8A29214E0A006D16DC /* AddBookView.swift */ = {isa = PBXFileReference; lastKnownFileType = sourcecode.swift; path = AddBookView.swift; sourceTree = "<group>"; };
		98BA3C8C2921512B006D16DC /* ReviewImageView.swift */ = {isa = PBXFileReference; lastKnownFileType = sourcecode.swift; path = ReviewImageView.swift; sourceTree = "<group>"; };
/* End PBXFileReference section */

/* Begin PBXFrameworksBuildPhase section */
		98BA3C652920E605006D16DC /* Frameworks */ = {
			isa = PBXFrameworksBuildPhase;
			buildActionMask = 2147483647;
			files = (
			);
			runOnlyForDeploymentPostprocessing = 0;
		};
/* End PBXFrameworksBuildPhase section */

/* Begin PBXGroup section */
		98BA3C5F2920E605006D16DC = {
			isa = PBXGroup;
			children = (
				98BA3C6A2920E606006D16DC /* ReadMe */,
				98BA3C692920E606006D16DC /* Products */,
			);
			sourceTree = "<group>";
		};
		98BA3C692920E606006D16DC /* Products */ = {
			isa = PBXGroup;
			children = (
				98BA3C682920E606006D16DC /* ReadMe.app */,
			);
			name = Products;
			sourceTree = "<group>";
		};
		98BA3C6A2920E606006D16DC /* ReadMe */ = {
			isa = PBXGroup;
			children = (
				98BA3C7B2920E74C006D16DC /* Model */,
				98BA3C7A2920E64B006D16DC /* Views */,
				98BA3C792920E631006D16DC /* App */,
				98BA3C712920E606006D16DC /* Preview Content */,
			);
			path = ReadMe;
			sourceTree = "<group>";
		};
		98BA3C712920E606006D16DC /* Preview Content */ = {
			isa = PBXGroup;
			children = (
				98BA3C722920E606006D16DC /* Preview Assets.xcassets */,
			);
			path = "Preview Content";
			sourceTree = "<group>";
		};
		98BA3C792920E631006D16DC /* App */ = {
			isa = PBXGroup;
			children = (
				98BA3C6B2920E606006D16DC /* ReadMeApp.swift */,
				98BA3C6F2920E606006D16DC /* Assets.xcassets */,
			);
			path = App;
			sourceTree = "<group>";
		};
		98BA3C7A2920E64B006D16DC /* Views */ = {
			isa = PBXGroup;
			children = (
				98BA3C6D2920E606006D16DC /* ContentView.swift */,
				98BA3C7E2920E84A006D16DC /* Book views.swift */,
				98BA3C842920F735006D16DC /* DetailView.swift */,
				98BA3C8C2921512B006D16DC /* ReviewImageView.swift */,
				98BA3C882921186A006D16DC /* PhotoPickerView.swift */,
				98BA3C8A29214E0A006D16DC /* AddBookView.swift */,
			);
			path = Views;
			sourceTree = "<group>";
		};
		98BA3C7B2920E74C006D16DC /* Model */ = {
			isa = PBXGroup;
			children = (
				98BA3C7C2920E763006D16DC /* Book.swift */,
				98BA3C822920F304006D16DC /* Library.swift */,
			);
			path = Model;
			sourceTree = "<group>";
		};
/* End PBXGroup section */

/* Begin PBXNativeTarget section */
		98BA3C672920E605006D16DC /* ReadMe */ = {
			isa = PBXNativeTarget;
			buildConfigurationList = 98BA3C762920E606006D16DC /* Build configuration list for PBXNativeTarget "ReadMe" */;
			buildPhases = (
				98BA3C642920E605006D16DC /* Sources */,
				98BA3C652920E605006D16DC /* Frameworks */,
				98BA3C662920E605006D16DC /* Resources */,
			);
			buildRules = (
			);
			dependencies = (
			);
			name = ReadMe;
			productName = ReadMe;
			productReference = 98BA3C682920E606006D16DC /* ReadMe.app */;
			productType = "com.apple.product-type.application";
		};
/* End PBXNativeTarget section */

/* Begin PBXProject section */
		98BA3C602920E605006D16DC /* Project object */ = {
			isa = PBXProject;
			attributes = {
				BuildIndependentTargetsInParallel = 1;
				LastSwiftUpdateCheck = 1410;
				LastUpgradeCheck = 1410;
				TargetAttributes = {
					98BA3C672920E605006D16DC = {
						CreatedOnToolsVersion = 14.1;
					};
				};
			};
			buildConfigurationList = 98BA3C632920E605006D16DC /* Build configuration list for PBXProject "ReadMe" */;
			compatibilityVersion = "Xcode 14.0";
			developmentRegion = en;
			hasScannedForEncodings = 0;
			knownRegions = (
				en,
				Base,
			);
			mainGroup = 98BA3C5F2920E605006D16DC;
			productRefGroup = 98BA3C692920E606006D16DC /* Products */;
			projectDirPath = "";
			projectRoot = "";
			targets = (
				98BA3C672920E605006D16DC /* ReadMe */,
			);
		};
/* End PBXProject section */

/* Begin PBXResourcesBuildPhase section */
		98BA3C662920E605006D16DC /* Resources */ = {
			isa = PBXResourcesBuildPhase;
			buildActionMask = 2147483647;
			files = (
				98BA3C732920E606006D16DC /* Preview Assets.xcassets in Resources */,
				98BA3C702920E606006D16DC /* Assets.xcassets in Resources */,
			);
			runOnlyForDeploymentPostprocessing = 0;
		};
/* End PBXResourcesBuildPhase section */

/* Begin PBXSourcesBuildPhase section */
		98BA3C642920E605006D16DC /* Sources */ = {
			isa = PBXSourcesBuildPhase;
			buildActionMask = 2147483647;
			files = (
				98BA3C7F2920E84A006D16DC /* Book views.swift in Sources */,
				98BA3C8B29214E0A006D16DC /* AddBookView.swift in Sources */,
				98BA3C892921186A006D16DC /* PhotoPickerView.swift in Sources */,
				98BA3C6E2920E606006D16DC /* ContentView.swift in Sources */,
				98BA3C852920F735006D16DC /* DetailView.swift in Sources */,
				98BA3C6C2920E606006D16DC /* ReadMeApp.swift in Sources */,
				98BA3C7D2920E763006D16DC /* Book.swift in Sources */,
				98BA3C832920F304006D16DC /* Library.swift in Sources */,
				98BA3C8D2921512B006D16DC /* ReviewImageView.swift in Sources */,
			);
			runOnlyForDeploymentPostprocessing = 0;
		};
/* End PBXSourcesBuildPhase section */

/* Begin XCBuildConfiguration section */
		98BA3C742920E606006D16DC /* Debug */ = {
			isa = XCBuildConfiguration;
			buildSettings = {
				ALWAYS_SEARCH_USER_PATHS = NO;
				CLANG_ANALYZER_NONNULL = YES;
				CLANG_ANALYZER_NUMBER_OBJECT_CONVERSION = YES_AGGRESSIVE;
				CLANG_CXX_LANGUAGE_STANDARD = "gnu++20";
				CLANG_ENABLE_MODULES = YES;
				CLANG_ENABLE_OBJC_ARC = YES;
				CLANG_ENABLE_OBJC_WEAK = YES;
				CLANG_WARN_BLOCK_CAPTURE_AUTORELEASING = YES;
				CLANG_WARN_BOOL_CONVERSION = YES;
				CLANG_WARN_COMMA = YES;
				CLANG_WARN_CONSTANT_CONVERSION = YES;
				CLANG_WARN_DEPRECATED_OBJC_IMPLEMENTATIONS = YES;
				CLANG_WARN_DIRECT_OBJC_ISA_USAGE = YES_ERROR;
				CLANG_WARN_DOCUMENTATION_COMMENTS = YES;
				CLANG_WARN_EMPTY_BODY = YES;
				CLANG_WARN_ENUM_CONVERSION = YES;
				CLANG_WARN_INFINITE_RECURSION = YES;
				CLANG_WARN_INT_CONVERSION = YES;
				CLANG_WARN_NON_LITERAL_NULL_CONVERSION = YES;
				CLANG_WARN_OBJC_IMPLICIT_RETAIN_SELF = YES;
				CLANG_WARN_OBJC_LITERAL_CONVERSION = YES;
				CLANG_WARN_OBJC_ROOT_CLASS = YES_ERROR;
				CLANG_WARN_QUOTED_INCLUDE_IN_FRAMEWORK_HEADER = YES;
				CLANG_WARN_RANGE_LOOP_ANALYSIS = YES;
				CLANG_WARN_STRICT_PROTOTYPES = YES;
				CLANG_WARN_SUSPICIOUS_MOVE = YES;
				CLANG_WARN_UNGUARDED_AVAILABILITY = YES_AGGRESSIVE;
				CLANG_WARN_UNREACHABLE_CODE = YES;
				CLANG_WARN__DUPLICATE_METHOD_MATCH = YES;
				COPY_PHASE_STRIP = NO;
				DEBUG_INFORMATION_FORMAT = dwarf;
				ENABLE_STRICT_OBJC_MSGSEND = YES;
				ENABLE_TESTABILITY = YES;
				GCC_C_LANGUAGE_STANDARD = gnu11;
				GCC_DYNAMIC_NO_PIC = NO;
				GCC_NO_COMMON_BLOCKS = YES;
				GCC_OPTIMIZATION_LEVEL = 0;
				GCC_PREPROCESSOR_DEFINITIONS = (
					"DEBUG=1",
					"$(inherited)",
				);
				GCC_WARN_64_TO_32_BIT_CONVERSION = YES;
				GCC_WARN_ABOUT_RETURN_TYPE = YES_ERROR;
				GCC_WARN_UNDECLARED_SELECTOR = YES;
				GCC_WARN_UNINITIALIZED_AUTOS = YES_AGGRESSIVE;
				GCC_WARN_UNUSED_FUNCTION = YES;
				GCC_WARN_UNUSED_VARIABLE = YES;
				IPHONEOS_DEPLOYMENT_TARGET = 16.1;
				MTL_ENABLE_DEBUG_INFO = INCLUDE_SOURCE;
				MTL_FAST_MATH = YES;
				ONLY_ACTIVE_ARCH = YES;
				SDKROOT = iphoneos;
				SWIFT_ACTIVE_COMPILATION_CONDITIONS = DEBUG;
				SWIFT_OPTIMIZATION_LEVEL = "-Onone";
			};
			name = Debug;
		};
		98BA3C752920E606006D16DC /* Release */ = {
			isa = XCBuildConfiguration;
			buildSettings = {
				ALWAYS_SEARCH_USER_PATHS = NO;
				CLANG_ANALYZER_NONNULL = YES;
				CLANG_ANALYZER_NUMBER_OBJECT_CONVERSION = YES_AGGRESSIVE;
				CLANG_CXX_LANGUAGE_STANDARD = "gnu++20";
				CLANG_ENABLE_MODULES = YES;
				CLANG_ENABLE_OBJC_ARC = YES;
				CLANG_ENABLE_OBJC_WEAK = YES;
				CLANG_WARN_BLOCK_CAPTURE_AUTORELEASING = YES;
				CLANG_WARN_BOOL_CONVERSION = YES;
				CLANG_WARN_COMMA = YES;
				CLANG_WARN_CONSTANT_CONVERSION = YES;
				CLANG_WARN_DEPRECATED_OBJC_IMPLEMENTATIONS = YES;
				CLANG_WARN_DIRECT_OBJC_ISA_USAGE = YES_ERROR;
				CLANG_WARN_DOCUMENTATION_COMMENTS = YES;
				CLANG_WARN_EMPTY_BODY = YES;
				CLANG_WARN_ENUM_CONVERSION = YES;
				CLANG_WARN_INFINITE_RECURSION = YES;
				CLANG_WARN_INT_CONVERSION = YES;
				CLANG_WARN_NON_LITERAL_NULL_CONVERSION = YES;
				CLANG_WARN_OBJC_IMPLICIT_RETAIN_SELF = YES;
				CLANG_WARN_OBJC_LITERAL_CONVERSION = YES;
				CLANG_WARN_OBJC_ROOT_CLASS = YES_ERROR;
				CLANG_WARN_QUOTED_INCLUDE_IN_FRAMEWORK_HEADER = YES;
				CLANG_WARN_RANGE_LOOP_ANALYSIS = YES;
				CLANG_WARN_STRICT_PROTOTYPES = YES;
				CLANG_WARN_SUSPICIOUS_MOVE = YES;
				CLANG_WARN_UNGUARDED_AVAILABILITY = YES_AGGRESSIVE;
				CLANG_WARN_UNREACHABLE_CODE = YES;
				CLANG_WARN__DUPLICATE_METHOD_MATCH = YES;
				COPY_PHASE_STRIP = NO;
				DEBUG_INFORMATION_FORMAT = "dwarf-with-dsym";
				ENABLE_NS_ASSERTIONS = NO;
				ENABLE_STRICT_OBJC_MSGSEND = YES;
				GCC_C_LANGUAGE_STANDARD = gnu11;
				GCC_NO_COMMON_BLOCKS = YES;
				GCC_WARN_64_TO_32_BIT_CONVERSION = YES;
				GCC_WARN_ABOUT_RETURN_TYPE = YES_ERROR;
				GCC_WARN_UNDECLARED_SELECTOR = YES;
				GCC_WARN_UNINITIALIZED_AUTOS = YES_AGGRESSIVE;
				GCC_WARN_UNUSED_FUNCTION = YES;
				GCC_WARN_UNUSED_VARIABLE = YES;
				IPHONEOS_DEPLOYMENT_TARGET = 16.1;
				MTL_ENABLE_DEBUG_INFO = NO;
				MTL_FAST_MATH = YES;
				SDKROOT = iphoneos;
				SWIFT_COMPILATION_MODE = wholemodule;
				SWIFT_OPTIMIZATION_LEVEL = "-O";
				VALIDATE_PRODUCT = YES;
			};
			name = Release;
		};
		98BA3C772920E606006D16DC /* Debug */ = {
			isa = XCBuildConfiguration;
			buildSettings = {
				ASSETCATALOG_COMPILER_APPICON_NAME = AppIcon;
				ASSETCATALOG_COMPILER_GLOBAL_ACCENT_COLOR_NAME = AccentColor;
				CODE_SIGN_STYLE = Automatic;
				CURRENT_PROJECT_VERSION = 1;
				DEVELOPMENT_ASSET_PATHS = "\"ReadMe/Preview Content\"";
				DEVELOPMENT_TEAM = 2W69D3B8FV;
				ENABLE_PREVIEWS = YES;
				GENERATE_INFOPLIST_FILE = YES;
				INFOPLIST_KEY_UIApplicationSceneManifest_Generation = YES;
				INFOPLIST_KEY_UIApplicationSupportsIndirectInputEvents = YES;
				INFOPLIST_KEY_UILaunchScreen_Generation = YES;
				INFOPLIST_KEY_UISupportedInterfaceOrientations_iPad = "UIInterfaceOrientationPortrait UIInterfaceOrientationPortraitUpsideDown UIInterfaceOrientationLandscapeLeft UIInterfaceOrientationLandscapeRight";
				INFOPLIST_KEY_UISupportedInterfaceOrientations_iPhone = "UIInterfaceOrientationPortrait UIInterfaceOrientationLandscapeLeft UIInterfaceOrientationLandscapeRight";
				LD_RUNPATH_SEARCH_PATHS = (
					"$(inherited)",
					"@executable_path/Frameworks",
				);
				MARKETING_VERSION = 1.0;
				PRODUCT_BUNDLE_IDENTIFIER = com.iStefBK.ReadMe;
				PRODUCT_NAME = "$(TARGET_NAME)";
				SWIFT_EMIT_LOC_STRINGS = YES;
				SWIFT_VERSION = 5.0;
				TARGETED_DEVICE_FAMILY = "1,2";
			};
			name = Debug;
		};
		98BA3C782920E606006D16DC /* Release */ = {
			isa = XCBuildConfiguration;
			buildSettings = {
				ASSETCATALOG_COMPILER_APPICON_NAME = AppIcon;
				ASSETCATALOG_COMPILER_GLOBAL_ACCENT_COLOR_NAME = AccentColor;
				CODE_SIGN_STYLE = Automatic;
				CURRENT_PROJECT_VERSION = 1;
				DEVELOPMENT_ASSET_PATHS = "\"ReadMe/Preview Content\"";
				DEVELOPMENT_TEAM = 2W69D3B8FV;
				ENABLE_PREVIEWS = YES;
				GENERATE_INFOPLIST_FILE = YES;
				INFOPLIST_KEY_UIApplicationSceneManifest_Generation = YES;
				INFOPLIST_KEY_UIApplicationSupportsIndirectInputEvents = YES;
				INFOPLIST_KEY_UILaunchScreen_Generation = YES;
				INFOPLIST_KEY_UISupportedInterfaceOrientations_iPad = "UIInterfaceOrientationPortrait UIInterfaceOrientationPortraitUpsideDown UIInterfaceOrientationLandscapeLeft UIInterfaceOrientationLandscapeRight";
				INFOPLIST_KEY_UISupportedInterfaceOrientations_iPhone = "UIInterfaceOrientationPortrait UIInterfaceOrientationLandscapeLeft UIInterfaceOrientationLandscapeRight";
				LD_RUNPATH_SEARCH_PATHS = (
					"$(inherited)",
					"@executable_path/Frameworks",
				);
				MARKETING_VERSION = 1.0;
				PRODUCT_BUNDLE_IDENTIFIER = com.iStefBK.ReadMe;
				PRODUCT_NAME = "$(TARGET_NAME)";
				SWIFT_EMIT_LOC_STRINGS = YES;
				SWIFT_VERSION = 5.0;
				TARGETED_DEVICE_FAMILY = "1,2";
			};
			name = Release;
		};
/* End XCBuildConfiguration section */

/* Begin XCConfigurationList section */
		98BA3C632920E605006D16DC /* Build configuration list for PBXProject "ReadMe" */ = {
			isa = XCConfigurationList;
			buildConfigurations = (
				98BA3C742920E606006D16DC /* Debug */,
				98BA3C752920E606006D16DC /* Release */,
			);
			defaultConfigurationIsVisible = 0;
			defaultConfigurationName = Release;
		};
		98BA3C762920E606006D16DC /* Build configuration list for PBXNativeTarget "ReadMe" */ = {
			isa = XCConfigurationList;
			buildConfigurations = (
				98BA3C772920E606006D16DC /* Debug */,
				98BA3C782920E606006D16DC /* Release */,
			);
			defaultConfigurationIsVisible = 0;
			defaultConfigurationName = Release;
		};
/* End XCConfigurationList section */
	};
	rootObject = 98BA3C602920E605006D16DC /* Project object */;
}
